{
  "name": "sample-chat-server",
  "version": "1.0.0",
  "lockfileVersion": 1,
  "requires": true,
  "dependencies": {
    "@socket.io/component-emitter": {
      "version": "3.1.0",
      "resolved": "https://registry.npmjs.org/@socket.io/component-emitter/-/component-emitter-3.1.0.tgz",
      "integrity": "sha512-+9jVqKhRSpsc591z5vX+X5Yyw+he/HCB4iQ/RYxw35CEPaY1gnsNE43nf9n9AaYjAQrTiI/mOwKUKdUs9vf7Xg=="
    },
    "@types/cookie": {
      "version": "0.4.1",
      "resolved": "https://registry.npmjs.org/@types/cookie/-/cookie-0.4.1.tgz",
      "integrity": "sha512-XW/Aa8APYr6jSVVA1y/DEIZX0/GMKLEVekNG727R8cs56ahETkRAy/3DR7+fJyh7oUgGwNQaRfXCun0+KbWY7Q=="
    },
    "@types/cors": {
      "version": "2.8.12",
      "resolved": "https://registry.npmjs.org/@types/cors/-/cors-2.8.12.tgz",
      "integrity": "sha512-vt+kDhq/M2ayberEtJcIN/hxXy1Pk+59g2FV/ZQceeaTyCtCucjL2Q7FXlFjtWn4n15KCr1NE2lNNFhp0lEThw=="
    },
    "@types/node": {
      "version": "18.11.7",
      "resolved": "https://registry.npmjs.org/@types/node/-/node-18.11.7.tgz",
      "integrity": "sha512-LhFTglglr63mNXUSRYD8A+ZAIu5sFqNJ4Y2fPuY7UlrySJH87rRRlhtVmMHplmfk5WkoJGmDjE9oiTfyX94CpQ=="
    },
    "accepts": {
      "version": "1.3.4",
      "resolved": "https://registry.npmjs.org/accepts/-/accepts-1.3.4.tgz",
      "integrity": "sha1-hiRnWMfdbSGmR0/whKR0DsBesh8=",
      "requires": {
        "mime-types": "2.1.17",
        "negotiator": "0.6.1"
      }
    },
    "array-flatten": {
      "version": "1.1.1",
      "resolved": "https://registry.npmjs.org/array-flatten/-/array-flatten-1.1.1.tgz",
      "integrity": "sha1-ml9pkFGx5wczKPKgCJaLZOopVdI="
    },
    "base64id": {
      "version": "2.0.0",
      "resolved": "https://registry.npmjs.org/base64id/-/base64id-2.0.0.tgz",
      "integrity": "sha512-lGe34o6EHj9y3Kts9R4ZYs/Gr+6N7MCaMlIFA3F1R2O5/m7K06AxfSeO5530PEERE6/WyEg3lsuyw4GHlPZHog=="
    },
    "body-parser": {
      "version": "1.18.2",
      "resolved": "https://registry.npmjs.org/body-parser/-/body-parser-1.18.2.tgz",
      "integrity": "sha1-h2eKGdhLR9hZuDGZvVm84iKxBFQ=",
      "requires": {
        "bytes": "3.0.0",
        "content-type": "1.0.4",
        "debug": "2.6.9",
        "depd": "1.1.1",
        "http-errors": "1.6.2",
        "iconv-lite": "0.4.19",
        "on-finished": "2.3.0",
        "qs": "6.5.1",
        "raw-body": "2.3.2",
        "type-is": "1.6.15"
      }
    },
    "bytes": {
      "version": "3.0.0",
      "resolved": "https://registry.npmjs.org/bytes/-/bytes-3.0.0.tgz",
      "integrity": "sha1-0ygVQE1olpn4Wk6k+odV3ROpYEg="
    },
    "content-disposition": {
      "version": "0.5.2",
      "resolved": "https://registry.npmjs.org/content-disposition/-/content-disposition-0.5.2.tgz",
      "integrity": "sha1-DPaLud318r55YcOoUXjLhdunjLQ="
    },
    "content-type": {
      "version": "1.0.4",
      "resolved": "https://registry.npmjs.org/content-type/-/content-type-1.0.4.tgz",
      "integrity": "sha512-hIP3EEPs8tB9AT1L+NUqtwOAps4mk2Zob89MWXMHjHWg9milF/j4osnnQLXBCBFBk/tvIG/tUc9mOUJiPBhPXA=="
    },
    "cookie": {
      "version": "0.3.1",
      "resolved": "https://registry.npmjs.org/cookie/-/cookie-0.3.1.tgz",
      "integrity": "sha1-5+Ch+e9DtMi6klxcWpboBtFoc7s="
    },
    "cookie-signature": {
      "version": "1.0.6",
      "resolved": "https://registry.npmjs.org/cookie-signature/-/cookie-signature-1.0.6.tgz",
      "integrity": "sha1-4wOogrNCzD7oylE6eZmXNNqzriw="
    },
    "cors": {
      "version": "2.8.5",
      "resolved": "https://registry.npmjs.org/cors/-/cors-2.8.5.tgz",
      "integrity": "sha512-KIHbLJqu73RGr/hnbrO9uBeixNGuvSQjul/jdFvS/KFSIH1hWVd1ng7zOHx+YrEfInLG7q4n6GHQ9cDtxv/P6g==",
      "requires": {
        "object-assign": "^4",
        "vary": "^1"
      }
    },
    "debug": {
      "version": "2.6.9",
      "resolved": "https://registry.npmjs.org/debug/-/debug-2.6.9.tgz",
      "integrity": "sha512-bC7ElrdJaJnPbAP+1EotYvqZsb3ecl5wi6Bfi6BJTUcNowp6cvspg0jXznRTKDjm/E7AdgFBVeAPVMNcKGsHMA==",
      "requires": {
        "ms": "2.0.0"
      }
    },
    "depd": {
      "version": "1.1.1",
      "resolved": "https://registry.npmjs.org/depd/-/depd-1.1.1.tgz",
      "integrity": "sha1-V4O04cRZ8G+lyif5kfPQbnoxA1k="
    },
    "destroy": {
      "version": "1.0.4",
      "resolved": "https://registry.npmjs.org/destroy/-/destroy-1.0.4.tgz",
      "integrity": "sha1-l4hXRCxEdJ5CBmE+N5RiBYJqvYA="
    },
    "ee-first": {
      "version": "1.1.1",
      "resolved": "https://registry.npmjs.org/ee-first/-/ee-first-1.1.1.tgz",
      "integrity": "sha1-WQxhFWsK4vTwJVcyoViyZrxWsh0="
    },
    "encodeurl": {
      "version": "1.0.1",
      "resolved": "https://registry.npmjs.org/encodeurl/-/encodeurl-1.0.1.tgz",
      "integrity": "sha1-eePVhlU0aQn+bw9Fpd5oEDspTSA="
    },
    "engine.io": {
      "version": "6.2.0",
      "resolved": "https://registry.npmjs.org/engine.io/-/engine.io-6.2.0.tgz",
      "integrity": "sha512-4KzwW3F3bk+KlzSOY57fj/Jx6LyRQ1nbcyIadehl+AnXjKT7gDO0ORdRi/84ixvMKTym6ZKuxvbzN62HDDU1Lg==",
      "requires": {
        "@types/cookie": "^0.4.1",
        "@types/cors": "^2.8.12",
        "@types/node": ">=10.0.0",
        "accepts": "~1.3.4",
        "base64id": "2.0.0",
        "cookie": "~0.4.1",
        "cors": "~2.8.5",
        "debug": "~4.3.1",
        "engine.io-parser": "~5.0.3",
        "ws": "~8.2.3"
      },
      "dependencies": {
        "cookie": {
          "version": "0.4.2",
          "resolved": "https://registry.npmjs.org/cookie/-/cookie-0.4.2.tgz",
          "integrity": "sha512-aSWTXFzaKWkvHO1Ny/s+ePFpvKsPnjc551iI41v3ny/ow6tBG5Vd+FuqGNhh1LxOmVzOlGUriIlOaokOvhaStA=="
        },
        "debug": {
          "version": "4.3.4",
          "resolved": "https://registry.npmjs.org/debug/-/debug-4.3.4.tgz",
          "integrity": "sha512-PRWFHuSU3eDtQJPvnNY7Jcket1j0t5OuOsFzPPzsekD52Zl8qUfFIPEiswXqIvHWGVHOgX+7G/vCNNhehwxfkQ==",
          "requires": {
            "ms": "2.1.2"
          }
        },
        "ms": {
          "version": "2.1.2",
          "resolved": "https://registry.npmjs.org/ms/-/ms-2.1.2.tgz",
          "integrity": "sha512-sGkPx+VjMtmA6MX27oA4FBFELFCZZ4S4XqeGOXCv68tT+jb3vk/RyaKWP0PTKyWtmLSM0b+adUTEvbs1PEaH2w=="
        }
      }
    },
    "engine.io-parser": {
      "version": "5.0.4",
      "resolved": "https://registry.npmjs.org/engine.io-parser/-/engine.io-parser-5.0.4.tgz",
      "integrity": "sha512-+nVFp+5z1E3HcToEnO7ZIj3g+3k9389DvWtvJZz0T6/eOCPIyyxehFcedoYrZQrp0LgQbD9pPXhpMBKMd5QURg=="
    },
    "escape-html": {
      "version": "1.0.3",
      "resolved": "https://registry.npmjs.org/escape-html/-/escape-html-1.0.3.tgz",
      "integrity": "sha1-Aljq5NPQwJdN4cFpGI7wBR0dGYg="
    },
    "etag": {
      "version": "1.8.1",
      "resolved": "https://registry.npmjs.org/etag/-/etag-1.8.1.tgz",
      "integrity": "sha1-Qa4u62XvpiJorr/qg6x9eSmbCIc="
    },
    "express": {
      "version": "4.16.2",
      "resolved": "https://registry.npmjs.org/express/-/express-4.16.2.tgz",
      "integrity": "sha1-41xt/i1kt9ygpc1PIXgb4ymeB2w=",
      "requires": {
        "accepts": "1.3.4",
        "array-flatten": "1.1.1",
        "body-parser": "1.18.2",
        "content-disposition": "0.5.2",
        "content-type": "1.0.4",
        "cookie": "0.3.1",
        "cookie-signature": "1.0.6",
        "debug": "2.6.9",
        "depd": "1.1.1",
        "encodeurl": "1.0.1",
        "escape-html": "1.0.3",
        "etag": "1.8.1",
        "finalhandler": "1.1.0",
        "fresh": "0.5.2",
        "merge-descriptors": "1.0.1",
        "methods": "1.1.2",
        "on-finished": "2.3.0",
        "parseurl": "1.3.2",
        "path-to-regexp": "0.1.7",
        "proxy-addr": "2.0.2",
        "qs": "6.5.1",
        "range-parser": "1.2.0",
        "safe-buffer": "5.1.1",
        "send": "0.16.1",
        "serve-static": "1.13.1",
        "setprototypeof": "1.1.0",
        "statuses": "1.3.1",
        "type-is": "1.6.15",
        "utils-merge": "1.0.1",
        "vary": "1.1.2"
      }
    },
    "finalhandler": {
      "version": "1.1.0",
      "resolved": "https://registry.npmjs.org/finalhandler/-/finalhandler-1.1.0.tgz",
      "integrity": "sha1-zgtoVbRYU+eRsvzGgARtiCU91/U=",
      "requires": {
        "debug": "2.6.9",
        "encodeurl": "1.0.1",
        "escape-html": "1.0.3",
        "on-finished": "2.3.0",
        "parseurl": "1.3.2",
        "statuses": "1.3.1",
        "unpipe": "1.0.0"
      }
    },
    "forwarded": {
      "version": "0.1.2",
      "resolved": "https://registry.npmjs.org/forwarded/-/forwarded-0.1.2.tgz",
      "integrity": "sha1-mMI9qxF1ZXuMBXPozszZGw/xjIQ="
    },
    "fresh": {
      "version": "0.5.2",
      "resolved": "https://registry.npmjs.org/fresh/-/fresh-0.5.2.tgz",
      "integrity": "sha1-PYyt2Q2XZWn6g1qx+OSyOhBWBac="
    },
    "http-errors": {
      "version": "1.6.2",
      "resolved": "https://registry.npmjs.org/http-errors/-/http-errors-1.6.2.tgz",
      "integrity": "sha1-CgAsyFcHGSp+eUbO7cERVfYOxzY=",
      "requires": {
        "depd": "1.1.1",
        "inherits": "2.0.3",
        "setprototypeof": "1.0.3",
        "statuses": "1.3.1"
      },
      "dependencies": {
        "setprototypeof": {
          "version": "1.0.3",
          "resolved": "https://registry.npmjs.org/setprototypeof/-/setprototypeof-1.0.3.tgz",
          "integrity": "sha1-ZlZ+NwQ+608E2RvWWMDL77VbjgQ="
        }
      }
    },
    "iconv-lite": {
      "version": "0.4.19",
      "resolved": "https://registry.npmjs.org/iconv-lite/-/iconv-lite-0.4.19.tgz",
      "integrity": "sha512-oTZqweIP51xaGPI4uPa56/Pri/480R+mo7SeU+YETByQNhDG55ycFyNLIgta9vXhILrxXDmF7ZGhqZIcuN0gJQ=="
    },
    "inherits": {
      "version": "2.0.3",
      "resolved": "https://registry.npmjs.org/inherits/-/inherits-2.0.3.tgz",
      "integrity": "sha1-Yzwsg+PaQqUC9SRmAiSA9CCCYd4="
    },
    "ipaddr.js": {
      "version": "1.5.2",
      "resolved": "https://registry.npmjs.org/ipaddr.js/-/ipaddr.js-1.5.2.tgz",
      "integrity": "sha1-1LUFvemUaYfM8PxY2QEP+WB+P6A="
    },
    "local-include-js": {
      "version": "1.1.1",
      "resolved": "https://registry.npmjs.org/local-include-js/-/local-include-js-1.1.1.tgz",
      "integrity": "sha1-VLr2GO+9m1oVRa/76uBwgS3T/XA="
    },
    "media-typer": {
      "version": "0.3.0",
      "resolved": "https://registry.npmjs.org/media-typer/-/media-typer-0.3.0.tgz",
      "integrity": "sha1-hxDXrwqmJvj/+hzgAWhUUmMlV0g="
    },
    "merge-descriptors": {
      "version": "1.0.1",
      "resolved": "https://registry.npmjs.org/merge-descriptors/-/merge-descriptors-1.0.1.tgz",
      "integrity": "sha1-sAqqVW3YtEVoFQ7J0blT8/kMu2E="
    },
    "methods": {
      "version": "1.1.2",
      "resolved": "https://registry.npmjs.org/methods/-/methods-1.1.2.tgz",
      "integrity": "sha1-VSmk1nZUE07cxSZmVoNbD4Ua/O4="
    },
    "mime": {
      "version": "1.4.1",
      "resolved": "https://registry.npmjs.org/mime/-/mime-1.4.1.tgz",
      "integrity": "sha512-KI1+qOZu5DcW6wayYHSzR/tXKCDC5Om4s1z2QJjDULzLcmf3DvzS7oluY4HCTrc+9FiKmWUgeNLg7W3uIQvxtQ=="
    },
    "mime-db": {
      "version": "1.30.0",
      "resolved": "https://registry.npmjs.org/mime-db/-/mime-db-1.30.0.tgz",
      "integrity": "sha1-dMZD2i3Z1qRTmZY0ZbJtXKfXHwE="
    },
    "mime-types": {
      "version": "2.1.17",
      "resolved": "https://registry.npmjs.org/mime-types/-/mime-types-2.1.17.tgz",
      "integrity": "sha1-Cdejk/A+mVp5+K+Fe3Cp4KsWVXo=",
      "requires": {
        "mime-db": "1.30.0"
      }
    },
    "ms": {
      "version": "2.0.0",
      "resolved": "https://registry.npmjs.org/ms/-/ms-2.0.0.tgz",
      "integrity": "sha1-VgiurfwAvmwpAd9fmGF4jeDVl8g="
    },
    "negotiator": {
      "version": "0.6.1",
      "resolved": "https://registry.npmjs.org/negotiator/-/negotiator-0.6.1.tgz",
      "integrity": "sha1-KzJxhOiZIQEXeyhWP7XnECrNDKk="
    },
    "object-assign": {
      "version": "4.1.1",
      "resolved": "https://registry.npmjs.org/object-assign/-/object-assign-4.1.1.tgz",
      "integrity": "sha512-rJgTQnkUnH1sFw8yT6VSU3zD3sWmu6sZhIseY8VX+GRu3P6F7Fu+JNDoXfklElbLJSnc3FUQHVe4cU5hj+BcUg=="
    },
    "on-finished": {
      "version": "2.3.0",
      "resolved": "https://registry.npmjs.org/on-finished/-/on-finished-2.3.0.tgz",
      "integrity": "sha1-IPEzZIGwg811M3mSoWlxqi2QaUc=",
      "requires": {
        "ee-first": "1.1.1"
      }
    },
    "parseurl": {
      "version": "1.3.2",
      "resolved": "https://registry.npmjs.org/parseurl/-/parseurl-1.3.2.tgz",
      "integrity": "sha1-/CidTtiZMRlGDBViUyYs3I3mW/M="
    },
    "path-to-regexp": {
      "version": "0.1.7",
      "resolved": "https://registry.npmjs.org/path-to-regexp/-/path-to-regexp-0.1.7.tgz",
      "integrity": "sha1-32BBeABfUi8V60SQ5yR6G/qmf4w="
    },
    "proxy-addr": {
      "version": "2.0.2",
      "resolved": "https://registry.npmjs.org/proxy-addr/-/proxy-addr-2.0.2.tgz",
      "integrity": "sha1-ZXFQT0e7mI7IGAJT+F3X4UlSvew=",
      "requires": {
        "forwarded": "0.1.2",
        "ipaddr.js": "1.5.2"
      }
    },
    "qs": {
      "version": "6.5.1",
      "resolved": "https://registry.npmjs.org/qs/-/qs-6.5.1.tgz",
      "integrity": "sha512-eRzhrN1WSINYCDCbrz796z37LOe3m5tmW7RQf6oBntukAG1nmovJvhnwHHRMAfeoItc1m2Hk02WER2aQ/iqs+A=="
    },
    "range-parser": {
      "version": "1.2.0",
      "resolved": "https://registry.npmjs.org/range-parser/-/range-parser-1.2.0.tgz",
      "integrity": "sha1-9JvmtIeJTdxA3MlKMi9hEJLgDV4="
    },
    "raw-body": {
      "version": "2.3.2",
      "resolved": "https://registry.npmjs.org/raw-body/-/raw-body-2.3.2.tgz",
      "integrity": "sha1-vNYMd9Prk83gBQKVw/N5OJvIj4k=",
      "requires": {
        "bytes": "3.0.0",
        "http-errors": "1.6.2",
        "iconv-lite": "0.4.19",
        "unpipe": "1.0.0"
      }
    },
    "react-redux-socket": {
      "version": "file:../../..",
      "requires": {
        "serializerr": "1.0.3",
        "socket.io": "1.7.4",
        "socket.io-client": "1.7.4"
      },
      "dependencies": {
        "accepts": {
          "version": "1.3.3",
          "resolved": "https://registry.npmjs.org/accepts/-/accepts-1.3.3.tgz",
          "integrity": "sha512-AOPopplFOUlmUugwiZUCDpOwmqvSgdCyE8iJVLWI4NcB7qfMKQN34dn5xYtlUU03XGG5egRWW4NW5gIxpa5hEA==",
          "requires": {
            "mime-types": "~2.1.11",
            "negotiator": "0.6.1"
          }
        },
        "after": {
          "version": "0.8.2",
          "resolved": "https://registry.npmjs.org/after/-/after-0.8.2.tgz",
          "integrity": "sha512-QbJ0NTQ/I9DI3uSJA4cbexiwQeRAfjPScqIbSjUDd9TOrcg6pTkdgziesOqxBMBzit8vFCTwrP27t13vFOORRA=="
        },
        "arraybuffer.slice": {
          "version": "0.0.6",
          "resolved": "https://registry.npmjs.org/arraybuffer.slice/-/arraybuffer.slice-0.0.6.tgz",
          "integrity": "sha512-6ZjfQaBSy6CuIH0+B0NrxMfDE5VIOCP/5gOqSpEIsaAZx9/giszzrXg6PZ7G51U/n88UmlAgYLNQ9wAnII7PJA=="
        },
        "backo2": {
          "version": "1.0.2",
          "resolved": "https://registry.npmjs.org/backo2/-/backo2-1.0.2.tgz",
          "integrity": "sha512-zj6Z6M7Eq+PBZ7PQxl5NT665MvJdAkzp0f60nAJ+sLaSCBPMwVak5ZegFbgVCzFcCJTKFoMizvM5Ld7+JrRJHA=="
        },
        "base64-arraybuffer": {
          "version": "0.1.5",
          "resolved": "https://registry.npmjs.org/base64-arraybuffer/-/base64-arraybuffer-0.1.5.tgz",
          "integrity": "sha512-437oANT9tP582zZMwSvZGy2nmSeAb8DW2me3y+Uv1Wp2Rulr8Mqlyrv3E7MLxmsiaPSMMDmiDVzgE+e8zlMx9g=="
        },
        "base64id": {
          "version": "1.0.0",
          "resolved": "https://registry.npmjs.org/base64id/-/base64id-1.0.0.tgz",
          "integrity": "sha512-rz8L+d/xByiB/vLVftPkyY215fqNrmasrcJsYkVcm4TgJNz+YXKrFaFAWibSaHkiKoSgMDCb+lipOIRQNGYesw=="
        },
        "better-assert": {
          "version": "1.0.2",
          "resolved": "https://registry.npmjs.org/better-assert/-/better-assert-1.0.2.tgz",
          "integrity": "sha512-bYeph2DFlpK1XmGs6fvlLRUN29QISM3GBuUwSFsMY2XRx4AvC0WNCS57j4c/xGrK2RS24C1w3YoBOsw9fT46tQ==",
          "requires": {
            "callsite": "1.0.0"
          }
        },
        "blob": {
          "version": "0.0.4",
          "resolved": "https://registry.npmjs.org/blob/-/blob-0.0.4.tgz",
          "integrity": "sha512-YRc9zvVz4wNaxcXmiSgb9LAg7YYwqQ2xd0Sj6osfA7k/PKmIGVlnOYs3wOFdkRC9/JpQu8sGt/zHgJV7xzerfg=="
        },
        "callsite": {
          "version": "1.0.0",
          "resolved": "https://registry.npmjs.org/callsite/-/callsite-1.0.0.tgz",
          "integrity": "sha512-0vdNRFXn5q+dtOqjfFtmtlI9N2eVZ7LMyEV2iKC5mEEFvSg/69Ml6b/WU2qF8W1nLRa0wiSrDT3Y5jOHZCwKPQ=="
        },
        "component-bind": {
          "version": "1.0.0",
          "resolved": "https://registry.npmjs.org/component-bind/-/component-bind-1.0.0.tgz",
          "integrity": "sha512-WZveuKPeKAG9qY+FkYDeADzdHyTYdIboXS59ixDeRJL5ZhxpqUnxSOwop4FQjMsiYm3/Or8cegVbpAHNA7pHxw=="
        },
        "component-emitter": {
          "version": "1.1.2",
          "resolved": "https://registry.npmjs.org/component-emitter/-/component-emitter-1.1.2.tgz",
          "integrity": "sha512-YhIbp3PJiznERfjlIkK0ue4obZxt2S60+0W8z24ZymOHT8sHloOqWOqZRU2eN5OlY8U08VFsP02letcu26FilA=="
        },
        "component-inherit": {
          "version": "0.0.3",
          "resolved": "https://registry.npmjs.org/component-inherit/-/component-inherit-0.0.3.tgz",
          "integrity": "sha512-w+LhYREhatpVqTESyGFg3NlP6Iu0kEKUHETY9GoZP/pQyW4mHFZuFWRUCIqVPZ36ueVLtoOEZaAqbCF2RDndaA=="
        },
        "cookie": {
          "version": "0.3.1",
          "resolved": "https://registry.npmjs.org/cookie/-/cookie-0.3.1.tgz",
          "integrity": "sha512-+IJOX0OqlHCszo2mBUq+SrEbCj6w7Kpffqx60zYbPTFaO4+yYgRjHwcZNpWvaTylDHaV7PPmBHzSecZiMhtPgw=="
        },
        "debug": {
          "version": "2.3.3",
          "resolved": "https://registry.npmjs.org/debug/-/debug-2.3.3.tgz",
          "integrity": "sha512-dCHp4G+F11zb+RtEu7BE2U8R32AYmM/4bljQfut8LipH3PdwsVBVGh083MXvtKkB7HSQUzSwiXz53c4mzJvYfw==",
          "requires": {
            "ms": "0.7.2"
          }
        },
        "engine.io": {
          "version": "1.8.4",
          "resolved": "https://registry.npmjs.org/engine.io/-/engine.io-1.8.4.tgz",
          "integrity": "sha512-IEqGKJwVmDr6vuIPp37dVo0BkOaxA7DX6jZJwAR7TN7YLgaxtY7bl6zedL22IccxGdA9J00qYCLykpfw/YsUXg==",
          "requires": {
            "accepts": "1.3.3",
            "base64id": "1.0.0",
            "cookie": "0.3.1",
            "debug": "2.3.3",
            "engine.io-parser": "1.3.2",
            "ws": "1.1.4"
          }
        },
        "engine.io-client": {
          "version": "1.8.4",
          "resolved": "https://registry.npmjs.org/engine.io-client/-/engine.io-client-1.8.4.tgz",
          "integrity": "sha512-Ea98g04xoqAddKr43tIGRI1y6yFDOVbtj3KAsxF4Rb3OK7EnhrWPWx1eKiWDic8LOjCDDYMQdrQRQG0ocMmwiQ==",
          "requires": {
            "component-emitter": "1.2.1",
            "component-inherit": "0.0.3",
            "debug": "2.3.3",
            "engine.io-parser": "1.3.2",
            "has-cors": "1.1.0",
            "indexof": "0.0.1",
            "parsejson": "0.0.3",
            "parseqs": "0.0.5",
            "parseuri": "0.0.5",
            "ws": "1.1.2",
            "xmlhttprequest-ssl": "1.5.3",
            "yeast": "0.1.2"
          },
          "dependencies": {
            "component-emitter": {
              "version": "1.2.1",
              "resolved": "https://registry.npmjs.org/component-emitter/-/component-emitter-1.2.1.tgz",
              "integrity": "sha512-jPatnhd33viNplKjqXKRkGU345p263OIWzDL2wH3LGIGp5Kojo+uXizHmOADRvhGFFTnJqX3jBAKP6vvmSDKcA=="
            },
            "ws": {
              "version": "1.1.2",
              "resolved": "https://registry.npmjs.org/ws/-/ws-1.1.2.tgz",
              "integrity": "sha512-lobrh3Dhp6tD1hv7NAIMx+oX/rsH/yd6/4krpBmJ/6ulsMZgQMuttlWTuYVWLV6ZjlpWIOjz55KbQbcKSQywEQ==",
              "requires": {
                "options": ">=0.0.5",
                "ultron": "1.0.x"
              }
            }
          }
        },
        "engine.io-parser": {
          "version": "1.3.2",
          "resolved": "https://registry.npmjs.org/engine.io-parser/-/engine.io-parser-1.3.2.tgz",
          "integrity": "sha512-3UyTJo+5Jbmr7rd3MosTAApK7BOIo4sjx8dJYSHa3Em5R3A9Y2s9GWu4JFJe6Px0VieJC0hKUA5NBytC+O7k2A==",
          "requires": {
            "after": "0.8.2",
            "arraybuffer.slice": "0.0.6",
            "base64-arraybuffer": "0.1.5",
            "blob": "0.0.4",
            "has-binary": "0.1.7",
            "wtf-8": "1.0.0"
          }
        },
        "has-binary": {
          "version": "0.1.7",
          "resolved": "https://registry.npmjs.org/has-binary/-/has-binary-0.1.7.tgz",
          "integrity": "sha512-k1Umb4/jrBWZbtL+QKSji8qWeoZ7ZTkXdnDXt1wxwBKAFM0//u96wDj43mBIqCIas8rDQMYyrBEvcS8hdGd4Sg==",
          "requires": {
            "isarray": "0.0.1"
          }
        },
        "has-cors": {
          "version": "1.1.0",
          "resolved": "https://registry.npmjs.org/has-cors/-/has-cors-1.1.0.tgz",
          "integrity": "sha512-g5VNKdkFuUuVCP9gYfDJHjK2nqdQJ7aDLTnycnc2+RvsOQbuLdF5pm7vuE5J76SEBIQjs4kQY/BWq74JUmjbXA=="
        },
        "indexof": {
          "version": "0.0.1",
          "resolved": "https://registry.npmjs.org/indexof/-/indexof-0.0.1.tgz",
          "integrity": "sha512-i0G7hLJ1z0DE8dsqJa2rycj9dBmNKgXBvotXtZYXakU9oivfB9Uj2ZBC27qqef2U58/ZLwalxa1X/RDCdkHtVg=="
        },
        "isarray": {
          "version": "0.0.1",
          "resolved": "https://registry.npmjs.org/isarray/-/isarray-0.0.1.tgz",
          "integrity": "sha512-D2S+3GLxWH+uhrNEcoh/fnmYeP8E8/zHl644d/jdA0g2uyXvy3sb0qxotE+ne0LtccHknQzWwZEzhak7oJ0COQ=="
        },
        "json3": {
          "version": "3.3.2",
          "resolved": "https://registry.npmjs.org/json3/-/json3-3.3.2.tgz",
          "integrity": "sha512-I5YLeauH3rIaE99EE++UeH2M2gSYo8/2TqDac7oZEH6D/DSQ4Woa628Qrfj1X9/OY5Mk5VvIDQaKCDchXaKrmA=="
        },
        "mime-db": {
          "version": "1.30.0",
          "resolved": "https://registry.npmjs.org/mime-db/-/mime-db-1.30.0.tgz",
          "integrity": "sha512-SUaL89ROHF5P6cwrhLxE1Xmk60cFcctcJl3zwMeQWcoQzt0Al/X8qxUz2gi19NECqYspzbYpAJryIRnLcjp20g=="
        },
        "mime-types": {
          "version": "2.1.17",
          "resolved": "https://registry.npmjs.org/mime-types/-/mime-types-2.1.17.tgz",
          "integrity": "sha512-rOFZoFAbaupSpzARUe5CU1P9mwfX+lIFAuj0soNsEZEnrHu6LZNyV7/FClEB/oF9A1o5KStlumRjW6D4Q2FRCA==",
          "requires": {
            "mime-db": "~1.30.0"
          }
        },
        "ms": {
          "version": "0.7.2",
          "resolved": "https://registry.npmjs.org/ms/-/ms-0.7.2.tgz",
          "integrity": "sha512-5NnE67nQSQDJHVahPJna1PQ/zCXMnQop3yUCxjKPNzCxuyPSKWTQ/5Gu5CZmjetwGLWRA+PzeF5thlbOdbQldA=="
        },
        "negotiator": {
          "version": "0.6.1",
          "resolved": "https://registry.npmjs.org/negotiator/-/negotiator-0.6.1.tgz",
          "integrity": "sha512-qTxkr1RoLw5Pz+1+PTJ/66hWuyi2LEOeOuIDJDlx6JF8x75bmD5C7qXTg2UlX5W9rLfkqKP+r8q6Vy6NWdWrbw=="
        },
        "object-assign": {
          "version": "4.1.0",
          "resolved": "https://registry.npmjs.org/object-assign/-/object-assign-4.1.0.tgz",
          "integrity": "sha512-Lbc7GfN7XFaK30bzUN3cDYLOkT0dH05S0ax1QikylHUD9+Z9PRF3G1iYwX3kcz+6AlzTFGkUgMxz6l3aUwbwTA=="
        },
        "object-component": {
          "version": "0.0.3",
          "resolved": "https://registry.npmjs.org/object-component/-/object-component-0.0.3.tgz",
          "integrity": "sha512-S0sN3agnVh2SZNEIGc0N1X4Z5K0JeFbGBrnuZpsxuUh5XLF0BnvWkMjRXo/zGKLd/eghvNIKcx1pQkmUjXIyrA=="
        },
        "options": {
          "version": "0.0.6",
          "resolved": "https://registry.npmjs.org/options/-/options-0.0.6.tgz",
          "integrity": "sha512-bOj3L1ypm++N+n7CEbbe473A414AB7z+amKYshRb//iuL3MpdDCLhPnw6aVTdKB9g5ZRVHIEp8eUln6L2NUStg=="
        },
        "parsejson": {
          "version": "0.0.3",
          "resolved": "https://registry.npmjs.org/parsejson/-/parsejson-0.0.3.tgz",
          "integrity": "sha512-v38ZjVbinlZ2r1Rz06WUZEnGoSRcEGX+roMsiWjHeAe23s2qlQUyfmsPQZvh7d8l0E8AZzTIO/RkUr00LfkSiA==",
          "requires": {
            "better-assert": "~1.0.0"
          }
        },
        "parseqs": {
          "version": "0.0.5",
          "resolved": "https://registry.npmjs.org/parseqs/-/parseqs-0.0.5.tgz",
          "integrity": "sha512-B3Nrjw2aL7aI4TDujOzfA4NsEc4u1lVcIRE0xesutH8kjeWF70uk+W5cBlIQx04zUH9NTBvuN36Y9xLRPK6Jjw==",
          "requires": {
            "better-assert": "~1.0.0"
          }
        },
        "parseuri": {
          "version": "0.0.5",
          "resolved": "https://registry.npmjs.org/parseuri/-/parseuri-0.0.5.tgz",
          "integrity": "sha512-ijhdxJu6l5Ru12jF0JvzXVPvsC+VibqeaExlNoMhWN6VQ79PGjkmc7oA4W1lp00sFkNyj0fx6ivPLdV51/UMog==",
          "requires": {
            "better-assert": "~1.0.0"
          }
        },
        "protochain": {
          "version": "1.0.5",
          "resolved": "https://registry.npmjs.org/protochain/-/protochain-1.0.5.tgz",
          "integrity": "sha512-4hDwFSX50C4NE6f/6zg8EPr/WLPTkFPUtG0ulWZu6bwzV2hmb50fpdQLr0HiKBAUehapaFpItzWoCLjraLJhUA=="
        },
        "serializerr": {
          "version": "1.0.3",
          "resolved": "https://registry.npmjs.org/serializerr/-/serializerr-1.0.3.tgz",
          "integrity": "sha512-yXUlHj0fjbndhACj2XWtIH5eJv7b/uadyl7CJA8b9wL5mIKm+g0/sL7rDzEmjC+k5y8ggcaP8i049F4FxA0U9Q==",
          "requires": {
            "protochain": "^1.0.5"
          }
        },
        "socket.io": {
          "version": "1.7.4",
          "resolved": "https://registry.npmjs.org/socket.io/-/socket.io-1.7.4.tgz",
          "integrity": "sha512-rKMY/U7gBmbHjwrljcPHy+uEXZ5973WvO2DrooL643w1R24SZVzsmhvNmJFjYVhAL4y7wrZJJS/znUfp0VWfKw==",
          "requires": {
            "debug": "2.3.3",
            "engine.io": "~1.8.4",
            "has-binary": "0.1.7",
            "object-assign": "4.1.0",
            "socket.io-adapter": "0.5.0",
            "socket.io-client": "1.7.4",
            "socket.io-parser": "2.3.1"
          }
        },
        "socket.io-adapter": {
          "version": "0.5.0",
          "resolved": "https://registry.npmjs.org/socket.io-adapter/-/socket.io-adapter-0.5.0.tgz",
          "integrity": "sha512-zmYvlFJay9skt4yk1MffE9p93HKvQtyy0BLZ5dRM73bOXFJXNZWq8qZVdY456sLaxdK6fHGiZ7glxzqvzwGzkw==",
          "requires": {
            "debug": "2.3.3",
            "socket.io-parser": "2.3.1"
          }
        },
        "socket.io-client": {
          "version": "1.7.4",
          "resolved": "https://registry.npmjs.org/socket.io-client/-/socket.io-client-1.7.4.tgz",
          "integrity": "sha512-vW9xr9XyTJejFS//7GNZmLTLkUSAcvOSxRXXhrojV+7wboTFB8CuvK1UBCW3NiB2kqyi0h9cTeyD7dXjdUd9jQ==",
          "requires": {
            "backo2": "1.0.2",
            "component-bind": "1.0.0",
            "component-emitter": "1.2.1",
            "debug": "2.3.3",
            "engine.io-client": "~1.8.4",
            "has-binary": "0.1.7",
            "indexof": "0.0.1",
            "object-component": "0.0.3",
            "parseuri": "0.0.5",
            "socket.io-parser": "2.3.1",
            "to-array": "0.1.4"
          },
          "dependencies": {
            "component-emitter": {
              "version": "1.2.1",
              "resolved": "https://registry.npmjs.org/component-emitter/-/component-emitter-1.2.1.tgz",
              "integrity": "sha512-jPatnhd33viNplKjqXKRkGU345p263OIWzDL2wH3LGIGp5Kojo+uXizHmOADRvhGFFTnJqX3jBAKP6vvmSDKcA=="
            }
          }
        },
        "socket.io-parser": {
          "version": "2.3.1",
          "resolved": "https://registry.npmjs.org/socket.io-parser/-/socket.io-parser-2.3.1.tgz",
          "integrity": "sha512-j6l4g/+yWQjmy1yByzg1DPFL4vxQw+NwCJatIxni/AE1wfm17FBtIKSWU4Ay+onrJwDxmC4eK4QS/04ZsqYwZQ==",
          "requires": {
            "component-emitter": "1.1.2",
            "debug": "2.2.0",
            "isarray": "0.0.1",
            "json3": "3.3.2"
          },
          "dependencies": {
            "debug": {
              "version": "2.2.0",
              "resolved": "https://registry.npmjs.org/debug/-/debug-2.2.0.tgz",
              "integrity": "sha512-X0rGvJcskG1c3TgSCPqHJ0XJgwlcvOC7elJ5Y0hYuKBZoVqWpAMfLOeIh2UI/DCQ5ruodIjvsugZtjUYUw2pUw==",
              "requires": {
                "ms": "0.7.1"
              }
            },
            "ms": {
              "version": "0.7.1",
              "resolved": "https://registry.npmjs.org/ms/-/ms-0.7.1.tgz",
              "integrity": "sha512-lRLiIR9fSNpnP6TC4v8+4OU7oStC01esuNowdQ34L+Gk8e5Puoc88IqJ+XAY/B3Mn2ZKis8l8HX90oU8ivzUHg=="
            }
          }
        },
        "to-array": {
          "version": "0.1.4",
          "resolved": "https://registry.npmjs.org/to-array/-/to-array-0.1.4.tgz",
          "integrity": "sha512-LhVdShQD/4Mk4zXNroIQZJC+Ap3zgLcDuwEdcmLv9CCO73NWockQDwyUnW/m8VX/EElfL6FcYx7EeutN4HJA6A=="
        },
        "ultron": {
          "version": "1.0.2",
          "resolved": "https://registry.npmjs.org/ultron/-/ultron-1.0.2.tgz",
          "integrity": "sha512-QMpnpVtYaWEeY+MwKDN/UdKlE/LsFZXM5lO1u7GaZzNgmIbGixHEmVMIKT+vqYOALu3m5GYQy9kz4Xu4IVn7Ow=="
        },
        "ws": {
          "version": "1.1.4",
          "resolved": "https://registry.npmjs.org/ws/-/ws-1.1.4.tgz",
          "integrity": "sha512-oPppAGuy/CRHmbhtWg1vH0rah72PUDrqg0w/SsssTeQfK3nWxzIpkJ1R7nDUTohzVDuDZU2W4mkRdji6+g9IJA==",
          "requires": {
            "options": ">=0.0.5",
            "ultron": "1.0.x"
          }
        },
        "wtf-8": {
          "version": "1.0.0",
          "resolved": "https://registry.npmjs.org/wtf-8/-/wtf-8-1.0.0.tgz",
          "integrity": "sha512-qfR6ovmRRMxNHgUNYI9LRdVofApe/eYrv4ggNOvvCP+pPdEo9Ym93QN4jUceGD6PignBbp2zAzgoE7GibAdq2A=="
        },
        "xmlhttprequest-ssl": {
          "version": "1.5.3",
          "resolved": "https://registry.npmjs.org/xmlhttprequest-ssl/-/xmlhttprequest-ssl-1.5.3.tgz",
          "integrity": "sha512-kauAa/1btT613pYX92WXR6kx5trYeckB5YMd3pPvtkMo2Twdfhwl683M8NiSqWHHo97xAC6bnvK1DWFKxfmejg=="
        },
        "yeast": {
          "version": "0.1.2",
          "resolved": "https://registry.npmjs.org/yeast/-/yeast-0.1.2.tgz",
          "integrity": "sha512-8HFIh676uyGYP6wP13R/j6OJ/1HwJ46snpvzE7aHAN3Ryqh2yX6Xox2B4CUmTwwOIzlG3Bs7ocsP5dZH/R1Qbg=="
        }
      }
    },
    "safe-buffer": {
      "version": "5.1.1",
      "resolved": "https://registry.npmjs.org/safe-buffer/-/safe-buffer-5.1.1.tgz",
      "integrity": "sha512-kKvNJn6Mm93gAczWVJg7wH+wGYWNrDHdWvpUmHyEsgCtIwwo3bqPtV4tR5tuPaUhTOo/kvhVwd8XwwOllGYkbg=="
    },
    "send": {
      "version": "0.16.1",
      "resolved": "https://registry.npmjs.org/send/-/send-0.16.1.tgz",
      "integrity": "sha512-ElCLJdJIKPk6ux/Hocwhk7NFHpI3pVm/IZOYWqUmoxcgeyM+MpxHHKhb8QmlJDX1pU6WrgaHBkVNm73Sv7uc2A==",
      "requires": {
        "debug": "2.6.9",
        "depd": "1.1.1",
        "destroy": "1.0.4",
        "encodeurl": "1.0.1",
        "escape-html": "1.0.3",
        "etag": "1.8.1",
        "fresh": "0.5.2",
        "http-errors": "1.6.2",
        "mime": "1.4.1",
        "ms": "2.0.0",
        "on-finished": "2.3.0",
        "range-parser": "1.2.0",
        "statuses": "1.3.1"
      }
    },
    "serve-static": {
      "version": "1.13.1",
      "resolved": "https://registry.npmjs.org/serve-static/-/serve-static-1.13.1.tgz",
      "integrity": "sha512-hSMUZrsPa/I09VYFJwa627JJkNs0NrfL1Uzuup+GqHfToR2KcsXFymXSV90hoyw3M+msjFuQly+YzIH/q0MGlQ==",
      "requires": {
        "encodeurl": "1.0.1",
        "escape-html": "1.0.3",
        "parseurl": "1.3.2",
        "send": "0.16.1"
      }
    },
    "setprototypeof": {
      "version": "1.1.0",
      "resolved": "https://registry.npmjs.org/setprototypeof/-/setprototypeof-1.1.0.tgz",
      "integrity": "sha512-BvE/TwpZX4FXExxOxZyRGQQv651MSwmWKZGqvmPcRIjDqWub67kTKuIMx43cZZrS/cBBzwBcNDWoFxt2XEFIpQ=="
    },
    "socket.io": {
      "version": "4.5.3",
      "resolved": "https://registry.npmjs.org/socket.io/-/socket.io-4.5.3.tgz",
      "integrity": "sha512-zdpnnKU+H6mOp7nYRXH4GNv1ux6HL6+lHL8g7Ds7Lj8CkdK1jJK/dlwsKDculbyOHifcJ0Pr/yeXnZQ5GeFrcg==",
      "requires": {
        "accepts": "~1.3.4",
        "base64id": "~2.0.0",
        "debug": "~4.3.2",
        "engine.io": "~6.2.0",
        "socket.io-adapter": "~2.4.0",
        "socket.io-parser": "~4.2.0"
      },
      "dependencies": {
        "debug": {
          "version": "4.3.4",
          "resolved": "https://registry.npmjs.org/debug/-/debug-4.3.4.tgz",
          "integrity": "sha512-PRWFHuSU3eDtQJPvnNY7Jcket1j0t5OuOsFzPPzsekD52Zl8qUfFIPEiswXqIvHWGVHOgX+7G/vCNNhehwxfkQ==",
          "requires": {
            "ms": "2.1.2"
          }
        },
        "ms": {
          "version": "2.1.2",
          "resolved": "https://registry.npmjs.org/ms/-/ms-2.1.2.tgz",
          "integrity": "sha512-sGkPx+VjMtmA6MX27oA4FBFELFCZZ4S4XqeGOXCv68tT+jb3vk/RyaKWP0PTKyWtmLSM0b+adUTEvbs1PEaH2w=="
        }
      }
    },
    "socket.io-adapter": {
      "version": "2.4.0",
      "resolved": "https://registry.npmjs.org/socket.io-adapter/-/socket.io-adapter-2.4.0.tgz",
      "integrity": "sha512-W4N+o69rkMEGVuk2D/cvca3uYsvGlMwsySWV447y99gUPghxq42BxqLNMndb+a1mm/5/7NeXVQS7RLa2XyXvYg=="
    },
    "socket.io-parser": {
      "version": "4.2.1",
      "resolved": "https://registry.npmjs.org/socket.io-parser/-/socket.io-parser-4.2.1.tgz",
      "integrity": "sha512-V4GrkLy+HeF1F/en3SpUaM+7XxYXpuMUWLGde1kSSh5nQMN4hLrbPIkD+otwh6q9R6NOQBN4AMaOZ2zVjui82g==",
      "requires": {
        "@socket.io/component-emitter": "~3.1.0",
        "debug": "~4.3.1"
      },
      "dependencies": {
        "debug": {
          "version": "4.3.4",
          "resolved": "https://registry.npmjs.org/debug/-/debug-4.3.4.tgz",
          "integrity": "sha512-PRWFHuSU3eDtQJPvnNY7Jcket1j0t5OuOsFzPPzsekD52Zl8qUfFIPEiswXqIvHWGVHOgX+7G/vCNNhehwxfkQ==",
          "requires": {
            "ms": "2.1.2"
          }
        },
        "ms": {
          "version": "2.1.2",
          "resolved": "https://registry.npmjs.org/ms/-/ms-2.1.2.tgz",
          "integrity": "sha512-sGkPx+VjMtmA6MX27oA4FBFELFCZZ4S4XqeGOXCv68tT+jb3vk/RyaKWP0PTKyWtmLSM0b+adUTEvbs1PEaH2w=="
        }
      }
    },
    "statuses": {
      "version": "1.3.1",
      "resolved": "https://registry.npmjs.org/statuses/-/statuses-1.3.1.tgz",
      "integrity": "sha1-+vUbnrdKrvOzrPStX2Gr8ky3uT4="
    },
    "type-is": {
      "version": "1.6.15",
      "resolved": "https://registry.npmjs.org/type-is/-/type-is-1.6.15.tgz",
      "integrity": "sha1-yrEPtJCeRByChC6v4a1kbIGARBA=",
      "requires": {
        "media-typer": "0.3.0",
        "mime-types": "2.1.17"
      }
    },
    "unpipe": {
      "version": "1.0.0",
      "resolved": "https://registry.npmjs.org/unpipe/-/unpipe-1.0.0.tgz",
      "integrity": "sha1-sr9O6FFKrmFltIF4KdIbLvSZBOw="
    },
    "utils-merge": {
      "version": "1.0.1",
      "resolved": "https://registry.npmjs.org/utils-merge/-/utils-merge-1.0.1.tgz",
      "integrity": "sha1-n5VxD1CiZ5R7LMwSR0HBAoQn5xM="
    },
    "vary": {
      "version": "1.1.2",
      "resolved": "https://registry.npmjs.org/vary/-/vary-1.1.2.tgz",
      "integrity": "sha1-IpnwLG3tMNSllhsLn3RSShj2NPw="
    },
    "ws": {
      "version": "8.2.3",
      "resolved": "https://registry.npmjs.org/ws/-/ws-8.2.3.tgz",
      "integrity": "sha512-wBuoj1BDpC6ZQ1B7DWQBYVLphPWkm8i9Y0/3YdHjHKHiohOJ1ws+3OccDWtH+PoC9DZD5WOTrJvNbWvjS6JWaA=="
    }
  }
}
